
Microsoft Visual Studio Solution File, Format Version 12.00
# Visual Studio Version 16
VisualStudioVersion = 16.0.30225.117
MinimumVisualStudioVersion = 10.0.40219.1
Project("{888888A0-9F3D-457C-B088-3A5042F75D52}") = "ModelBackend", "ModelBackend\ModelBackend.pyproj", "{5B5358C0-E70E-48EF-A39C-0DCDAB9F0A31}"
EndProject
Global
	GlobalSection(SolutionConfigurationPlatforms) = preSolution
		Debug|Any CPU = Debug|Any CPU
		Release|Any CPU = Release|Any CPU
	EndGlobalSection
	GlobalSection(ProjectConfigurationPlatforms) = postSolution
		{5B5358C0-E70E-48EF-A39C-0DCDAB9F0A31}.Debug|Any CPU.ActiveCfg = Debug|Any CPU
		{5B5358C0-E70E-48EF-A39C-0DCDAB9F0A31}.Debug|Any CPU.Build.0 = Debug|Any CPU
		{5B5358C0-E70E-48EF-A39C-0DCDAB9F0A31}.Release|Any CPU.ActiveCfg = Release|Any CPU
		{5B5358C0-E70E-48EF-A39C-0DCDAB9F0A31}.Release|Any CPU.Build.0 = Release|Any CPU
	EndGlobalSection
	GlobalSection(SolutionProperties) = preSolution
		HideSolutionNode = FALSE
	EndGlobalSection
	GlobalSection(ExtensibilityGlobals) = postSolution
		SolutionGuid = {80E91DE0-EE86-41EF-BE73-8AAAF6C2D89E}
	EndGlobalSection
EndGlobal
